// !$*UTF8*$!
{
	archiveVersion = 1;
	classes = {
	};
	objectVersion = 50;
	objects = {

/* Begin PBXBuildFile section */
		444B1A3F223490F70003D81B /* YoshikoTextField.swift in Sources */ = {isa = PBXBuildFile; fileRef = 444B1A33223490F70003D81B /* YoshikoTextField.swift */; };
		444B1A40223490F70003D81B /* HoshiTextField.swift in Sources */ = {isa = PBXBuildFile; fileRef = 444B1A35223490F70003D81B /* HoshiTextField.swift */; };
		444B1A41223490F70003D81B /* MinoruTextField.swift in Sources */ = {isa = PBXBuildFile; fileRef = 444B1A36223490F70003D81B /* MinoruTextField.swift */; };
		444B1A42223490F70003D81B /* YokoTextField.swift in Sources */ = {isa = PBXBuildFile; fileRef = 444B1A37223490F70003D81B /* YokoTextField.swift */; };
		444B1A43223490F70003D81B /* TextFieldEffects.swift in Sources */ = {isa = PBXBuildFile; fileRef = 444B1A38223490F70003D81B /* TextFieldEffects.swift */; };
		444B1A44223490F70003D81B /* JiroTextField.swift in Sources */ = {isa = PBXBuildFile; fileRef = 444B1A39223490F70003D81B /* JiroTextField.swift */; };
		444B1A45223490F70003D81B /* MadokaTextField.swift in Sources */ = {isa = PBXBuildFile; fileRef = 444B1A3A223490F70003D81B /* MadokaTextField.swift */; };
		444B1A46223490F70003D81B /* KaedeTextField.swift in Sources */ = {isa = PBXBuildFile; fileRef = 444B1A3B223490F70003D81B /* KaedeTextField.swift */; };
		444B1A47223490F70003D81B /* AkiraTextField.swift in Sources */ = {isa = PBXBuildFile; fileRef = 444B1A3C223490F70003D81B /* AkiraTextField.swift */; };
		444B1A48223490F70003D81B /* IsaoTextField.swift in Sources */ = {isa = PBXBuildFile; fileRef = 444B1A3D223490F70003D81B /* IsaoTextField.swift */; };
		A86A856F2225F34700C4383A /* AppDelegate.swift in Sources */ = {isa = PBXBuildFile; fileRef = A86A856E2225F34700C4383A /* AppDelegate.swift */; };
		A86A85742225F34700C4383A /* Main.storyboard in Resources */ = {isa = PBXBuildFile; fileRef = A86A85722225F34700C4383A /* Main.storyboard */; };
		A86A85772225F34700C4383A /* SignMeIn.xcdatamodeld in Sources */ = {isa = PBXBuildFile; fileRef = A86A85752225F34700C4383A /* SignMeIn.xcdatamodeld */; };
		A86A85792225F34800C4383A /* Assets.xcassets in Resources */ = {isa = PBXBuildFile; fileRef = A86A85782225F34800C4383A /* Assets.xcassets */; };
		A86A857C2225F34800C4383A /* LaunchScreen.storyboard in Resources */ = {isa = PBXBuildFile; fileRef = A86A857A2225F34800C4383A /* LaunchScreen.storyboard */; };
		A8CF84992225F54C00F3094F /* LoginViewController.swift in Sources */ = {isa = PBXBuildFile; fileRef = A8CF84982225F54C00F3094F /* LoginViewController.swift */; };
		A8CF849C2225F5CA00F3094F /* WelcomeViewController.swift in Sources */ = {isa = PBXBuildFile; fileRef = A8CF849B2225F5CA00F3094F /* WelcomeViewController.swift */; };
		A8CF849E222604E600F3094F /* ChooseStatusViewController.swift in Sources */ = {isa = PBXBuildFile; fileRef = A8CF849D222604E600F3094F /* ChooseStatusViewController.swift */; };
		A8CF84A0222604FE00F3094F /* SignUpViewController.swift in Sources */ = {isa = PBXBuildFile; fileRef = A8CF849F222604FE00F3094F /* SignUpViewController.swift */; };
		A8CF84A222263EE700F3094F /* FinishingUpViewController.swift in Sources */ = {isa = PBXBuildFile; fileRef = A8CF84A122263EE700F3094F /* FinishingUpViewController.swift */; };
		A8CF84A422294BA700F3094F /* StudentHome.storyboard in Resources */ = {isa = PBXBuildFile; fileRef = A8CF84A322294BA700F3094F /* StudentHome.storyboard */; };
		A8ECF2D8222EF759004F9380 /* InstructorHome.storyboard in Resources */ = {isa = PBXBuildFile; fileRef = A8ECF2D7222EF759004F9380 /* InstructorHome.storyboard */; };
		A8ECF2E1222F2417004F9380 /* InstructorClassesTableViewController.swift in Sources */ = {isa = PBXBuildFile; fileRef = A8ECF2E0222F2417004F9380 /* InstructorClassesTableViewController.swift */; };
		A8ECF2E3222F5A67004F9380 /* InstructorAddClassViewController.swift in Sources */ = {isa = PBXBuildFile; fileRef = A8ECF2E2222F5A67004F9380 /* InstructorAddClassViewController.swift */; };
		A8ECF2E5222F60FB004F9380 /* AddLocationViewController.swift in Sources */ = {isa = PBXBuildFile; fileRef = A8ECF2E4222F60FB004F9380 /* AddLocationViewController.swift */; };
		A8ECF2E8222FB35E004F9380 /* LocationSearchTable.swift in Sources */ = {isa = PBXBuildFile; fileRef = A8ECF2E7222FB35D004F9380 /* LocationSearchTable.swift */; };
		A8ECF2EA223376ED004F9380 /* InstructorClassTableViewCell.swift in Sources */ = {isa = PBXBuildFile; fileRef = A8ECF2E9223376ED004F9380 /* InstructorClassTableViewCell.swift */; };
		A8ECF2EC22349A1F004F9380 /* SignedInStudentsTableViewController.swift in Sources */ = {isa = PBXBuildFile; fileRef = A8ECF2EB22349A1F004F9380 /* SignedInStudentsTableViewController.swift */; };
		A8ECF2EF2234A4F1004F9380 /* StudentClassTableViewCell.swift in Sources */ = {isa = PBXBuildFile; fileRef = A8ECF2EE2234A4F1004F9380 /* StudentClassTableViewCell.swift */; };
		A8ECF2F32234AF97004F9380 /* StudentClassesViewController.swift in Sources */ = {isa = PBXBuildFile; fileRef = A8ECF2F22234AF97004F9380 /* StudentClassesViewController.swift */; };
		A8ECF2F72234BE4B004F9380 /* StudentClassDetailsViewController.swift in Sources */ = {isa = PBXBuildFile; fileRef = A8ECF2F62234BE4B004F9380 /* StudentClassDetailsViewController.swift */; };
		A8ECF2F92234C133004F9380 /* StudentClassMapTableViewCell.swift in Sources */ = {isa = PBXBuildFile; fileRef = A8ECF2F82234C133004F9380 /* StudentClassMapTableViewCell.swift */; };
		EEC0F746FEA41462E6BDE98F /* Pods_SignMeIn.framework in Frameworks */ = {isa = PBXBuildFile; fileRef = E88E0D9B4038BC7513168947 /* Pods_SignMeIn.framework */; };
/* End PBXBuildFile section */

/* Begin PBXFileReference section */
		1E71EA60823D85D60B5F92E2 /* Pods-SignMeIn.release.xcconfig */ = {isa = PBXFileReference; includeInIndex = 1; lastKnownFileType = text.xcconfig; name = "Pods-SignMeIn.release.xcconfig"; path = "Target Support Files/Pods-SignMeIn/Pods-SignMeIn.release.xcconfig"; sourceTree = "<group>"; };
		444B1A33223490F70003D81B /* YoshikoTextField.swift */ = {isa = PBXFileReference; fileEncoding = 4; lastKnownFileType = sourcecode.swift; path = YoshikoTextField.swift; sourceTree = "<group>"; };
		444B1A34223490F70003D81B /* TextFieldEffects.h */ = {isa = PBXFileReference; fileEncoding = 4; lastKnownFileType = sourcecode.c.h; path = TextFieldEffects.h; sourceTree = "<group>"; };
		444B1A35223490F70003D81B /* HoshiTextField.swift */ = {isa = PBXFileReference; fileEncoding = 4; lastKnownFileType = sourcecode.swift; path = HoshiTextField.swift; sourceTree = "<group>"; };
		444B1A36223490F70003D81B /* MinoruTextField.swift */ = {isa = PBXFileReference; fileEncoding = 4; lastKnownFileType = sourcecode.swift; path = MinoruTextField.swift; sourceTree = "<group>"; };
		444B1A37223490F70003D81B /* YokoTextField.swift */ = {isa = PBXFileReference; fileEncoding = 4; lastKnownFileType = sourcecode.swift; path = YokoTextField.swift; sourceTree = "<group>"; };
		444B1A38223490F70003D81B /* TextFieldEffects.swift */ = {isa = PBXFileReference; fileEncoding = 4; lastKnownFileType = sourcecode.swift; path = TextFieldEffects.swift; sourceTree = "<group>"; };
		444B1A39223490F70003D81B /* JiroTextField.swift */ = {isa = PBXFileReference; fileEncoding = 4; lastKnownFileType = sourcecode.swift; path = JiroTextField.swift; sourceTree = "<group>"; };
		444B1A3A223490F70003D81B /* MadokaTextField.swift */ = {isa = PBXFileReference; fileEncoding = 4; lastKnownFileType = sourcecode.swift; path = MadokaTextField.swift; sourceTree = "<group>"; };
		444B1A3B223490F70003D81B /* KaedeTextField.swift */ = {isa = PBXFileReference; fileEncoding = 4; lastKnownFileType = sourcecode.swift; path = KaedeTextField.swift; sourceTree = "<group>"; };
		444B1A3C223490F70003D81B /* AkiraTextField.swift */ = {isa = PBXFileReference; fileEncoding = 4; lastKnownFileType = sourcecode.swift; path = AkiraTextField.swift; sourceTree = "<group>"; };
		444B1A3D223490F70003D81B /* IsaoTextField.swift */ = {isa = PBXFileReference; fileEncoding = 4; lastKnownFileType = sourcecode.swift; path = IsaoTextField.swift; sourceTree = "<group>"; };
		444B1A3E223490F70003D81B /* Info.plist */ = {isa = PBXFileReference; fileEncoding = 4; lastKnownFileType = text.plist.xml; path = Info.plist; sourceTree = "<group>"; };
		A86A856B2225F34700C4383A /* SignMeIn.app */ = {isa = PBXFileReference; explicitFileType = wrapper.application; includeInIndex = 0; path = SignMeIn.app; sourceTree = BUILT_PRODUCTS_DIR; };
		A86A856E2225F34700C4383A /* AppDelegate.swift */ = {isa = PBXFileReference; lastKnownFileType = sourcecode.swift; path = AppDelegate.swift; sourceTree = "<group>"; };
		A86A85732225F34700C4383A /* Base */ = {isa = PBXFileReference; lastKnownFileType = file.storyboard; name = Base; path = Base.lproj/Main.storyboard; sourceTree = "<group>"; };
		A86A85762225F34700C4383A /* SignMeIn.xcdatamodel */ = {isa = PBXFileReference; lastKnownFileType = wrapper.xcdatamodel; path = SignMeIn.xcdatamodel; sourceTree = "<group>"; };
		A86A85782225F34800C4383A /* Assets.xcassets */ = {isa = PBXFileReference; lastKnownFileType = folder.assetcatalog; path = Assets.xcassets; sourceTree = "<group>"; };
		A86A857B2225F34800C4383A /* Base */ = {isa = PBXFileReference; lastKnownFileType = file.storyboard; name = Base; path = Base.lproj/LaunchScreen.storyboard; sourceTree = "<group>"; };
		A86A857D2225F34800C4383A /* Info.plist */ = {isa = PBXFileReference; lastKnownFileType = text.plist.xml; path = Info.plist; sourceTree = "<group>"; };
		A8CF84982225F54C00F3094F /* LoginViewController.swift */ = {isa = PBXFileReference; lastKnownFileType = sourcecode.swift; path = LoginViewController.swift; sourceTree = "<group>"; };
		A8CF849B2225F5CA00F3094F /* WelcomeViewController.swift */ = {isa = PBXFileReference; lastKnownFileType = sourcecode.swift; path = WelcomeViewController.swift; sourceTree = "<group>"; };
		A8CF849D222604E600F3094F /* ChooseStatusViewController.swift */ = {isa = PBXFileReference; lastKnownFileType = sourcecode.swift; path = ChooseStatusViewController.swift; sourceTree = "<group>"; };
		A8CF849F222604FE00F3094F /* SignUpViewController.swift */ = {isa = PBXFileReference; lastKnownFileType = sourcecode.swift; path = SignUpViewController.swift; sourceTree = "<group>"; };
		A8CF84A122263EE700F3094F /* FinishingUpViewController.swift */ = {isa = PBXFileReference; lastKnownFileType = sourcecode.swift; path = FinishingUpViewController.swift; sourceTree = "<group>"; };
		A8CF84A322294BA700F3094F /* StudentHome.storyboard */ = {isa = PBXFileReference; lastKnownFileType = file.storyboard; path = StudentHome.storyboard; sourceTree = "<group>"; };
		A8ECF2D7222EF759004F9380 /* InstructorHome.storyboard */ = {isa = PBXFileReference; lastKnownFileType = file.storyboard; path = InstructorHome.storyboard; sourceTree = "<group>"; };
		A8ECF2E0222F2417004F9380 /* InstructorClassesTableViewController.swift */ = {isa = PBXFileReference; lastKnownFileType = sourcecode.swift; path = InstructorClassesTableViewController.swift; sourceTree = "<group>"; };
		A8ECF2E2222F5A67004F9380 /* InstructorAddClassViewController.swift */ = {isa = PBXFileReference; lastKnownFileType = sourcecode.swift; path = InstructorAddClassViewController.swift; sourceTree = "<group>"; };
		A8ECF2E4222F60FB004F9380 /* AddLocationViewController.swift */ = {isa = PBXFileReference; lastKnownFileType = sourcecode.swift; path = AddLocationViewController.swift; sourceTree = "<group>"; };
		A8ECF2E7222FB35D004F9380 /* LocationSearchTable.swift */ = {isa = PBXFileReference; lastKnownFileType = sourcecode.swift; path = LocationSearchTable.swift; sourceTree = "<group>"; };
		A8ECF2E9223376ED004F9380 /* InstructorClassTableViewCell.swift */ = {isa = PBXFileReference; lastKnownFileType = sourcecode.swift; path = InstructorClassTableViewCell.swift; sourceTree = "<group>"; };
		A8ECF2EB22349A1F004F9380 /* SignedInStudentsTableViewController.swift */ = {isa = PBXFileReference; lastKnownFileType = sourcecode.swift; path = SignedInStudentsTableViewController.swift; sourceTree = "<group>"; };
		A8ECF2EE2234A4F1004F9380 /* StudentClassTableViewCell.swift */ = {isa = PBXFileReference; lastKnownFileType = sourcecode.swift; path = StudentClassTableViewCell.swift; sourceTree = "<group>"; };
		A8ECF2F22234AF97004F9380 /* StudentClassesViewController.swift */ = {isa = PBXFileReference; lastKnownFileType = sourcecode.swift; path = StudentClassesViewController.swift; sourceTree = "<group>"; };
		A8ECF2F62234BE4B004F9380 /* StudentClassDetailsViewController.swift */ = {isa = PBXFileReference; lastKnownFileType = sourcecode.swift; path = StudentClassDetailsViewController.swift; sourceTree = "<group>"; };
		A8ECF2F82234C133004F9380 /* StudentClassMapTableViewCell.swift */ = {isa = PBXFileReference; lastKnownFileType = sourcecode.swift; path = StudentClassMapTableViewCell.swift; sourceTree = "<group>"; };
		C97A8DC6692D92A73869E88C /* Pods-SignMeIn.debug.xcconfig */ = {isa = PBXFileReference; includeInIndex = 1; lastKnownFileType = text.xcconfig; name = "Pods-SignMeIn.debug.xcconfig"; path = "Target Support Files/Pods-SignMeIn/Pods-SignMeIn.debug.xcconfig"; sourceTree = "<group>"; };
		E88E0D9B4038BC7513168947 /* Pods_SignMeIn.framework */ = {isa = PBXFileReference; explicitFileType = wrapper.framework; includeInIndex = 0; path = Pods_SignMeIn.framework; sourceTree = BUILT_PRODUCTS_DIR; };
/* End PBXFileReference section */

/* Begin PBXFrameworksBuildPhase section */
		A86A85682225F34700C4383A /* Frameworks */ = {
			isa = PBXFrameworksBuildPhase;
			buildActionMask = 2147483647;
			files = (
				EEC0F746FEA41462E6BDE98F /* Pods_SignMeIn.framework in Frameworks */,
			);
			runOnlyForDeploymentPostprocessing = 0;
		};
/* End PBXFrameworksBuildPhase section */

/* Begin PBXGroup section */
		444B1A32223490F70003D81B /* TextFieldEffects */ = {
			isa = PBXGroup;
			children = (
				444B1A33223490F70003D81B /* YoshikoTextField.swift */,
				444B1A34223490F70003D81B /* TextFieldEffects.h */,
				444B1A35223490F70003D81B /* HoshiTextField.swift */,
				444B1A36223490F70003D81B /* MinoruTextField.swift */,
				444B1A37223490F70003D81B /* YokoTextField.swift */,
				444B1A38223490F70003D81B /* TextFieldEffects.swift */,
				444B1A39223490F70003D81B /* JiroTextField.swift */,
				444B1A3A223490F70003D81B /* MadokaTextField.swift */,
				444B1A3B223490F70003D81B /* KaedeTextField.swift */,
				444B1A3C223490F70003D81B /* AkiraTextField.swift */,
				444B1A3D223490F70003D81B /* IsaoTextField.swift */,
				444B1A3E223490F70003D81B /* Info.plist */,
			);
			path = TextFieldEffects;
			sourceTree = "<group>";
		};
		5938F2D91F8A15642FC98D16 /* Pods */ = {
			isa = PBXGroup;
			children = (
				C97A8DC6692D92A73869E88C /* Pods-SignMeIn.debug.xcconfig */,
				1E71EA60823D85D60B5F92E2 /* Pods-SignMeIn.release.xcconfig */,
			);
			path = Pods;
			sourceTree = "<group>";
		};
		A86A85622225F34700C4383A = {
			isa = PBXGroup;
			children = (
				444B1A32223490F70003D81B /* TextFieldEffects */,
				A86A856D2225F34700C4383A /* SignMeIn */,
				A86A856C2225F34700C4383A /* Products */,
				5938F2D91F8A15642FC98D16 /* Pods */,
				B17E58494000F1AC65A42732 /* Frameworks */,
			);
			sourceTree = "<group>";
		};
		A86A856C2225F34700C4383A /* Products */ = {
			isa = PBXGroup;
			children = (
				A86A856B2225F34700C4383A /* SignMeIn.app */,
			);
			name = Products;
			sourceTree = "<group>";
		};
		A86A856D2225F34700C4383A /* SignMeIn */ = {
			isa = PBXGroup;
			children = (
				A8ECF2DF222F2357004F9380 /* InstructorViewControllers */,
				A8ECF2DC222EFC52004F9380 /* StudentViewControllers */,
				A8CF849A2225F55200F3094F /* MainViewControllers */,
				A86A856E2225F34700C4383A /* AppDelegate.swift */,
				A8CF84972225F51F00F3094F /* Storyboards */,
				A86A85782225F34800C4383A /* Assets.xcassets */,
				A86A857A2225F34800C4383A /* LaunchScreen.storyboard */,
				A86A857D2225F34800C4383A /* Info.plist */,
				A86A85752225F34700C4383A /* SignMeIn.xcdatamodeld */,
			);
			path = SignMeIn;
			sourceTree = "<group>";
		};
		A8CF84972225F51F00F3094F /* Storyboards */ = {
			isa = PBXGroup;
			children = (
				A8CF84A322294BA700F3094F /* StudentHome.storyboard */,
				A8ECF2D7222EF759004F9380 /* InstructorHome.storyboard */,
				A86A85722225F34700C4383A /* Main.storyboard */,
			);
			path = Storyboards;
			sourceTree = "<group>";
		};
		A8CF849A2225F55200F3094F /* MainViewControllers */ = {
			isa = PBXGroup;
			children = (
				A8CF849D222604E600F3094F /* ChooseStatusViewController.swift */,
				A8CF84A122263EE700F3094F /* FinishingUpViewController.swift */,
				A8CF849F222604FE00F3094F /* SignUpViewController.swift */,
				A8CF849B2225F5CA00F3094F /* WelcomeViewController.swift */,
				A8CF84982225F54C00F3094F /* LoginViewController.swift */,
			);
			path = MainViewControllers;
			sourceTree = "<group>";
		};
		A8ECF2DC222EFC52004F9380 /* StudentViewControllers */ = {
			isa = PBXGroup;
			children = (
				A8ECF2F62234BE4B004F9380 /* StudentClassDetailsViewController.swift */,
				A8ECF2F22234AF97004F9380 /* StudentClassesViewController.swift */,
				A8ECF2ED2234A49C004F9380 /* Models */,
			);
			path = StudentViewControllers;
			sourceTree = "<group>";
		};
		A8ECF2DF222F2357004F9380 /* InstructorViewControllers */ = {
			isa = PBXGroup;
			children = (
				A8ECF2E6222FB348004F9380 /* Models */,
				A8ECF2EB22349A1F004F9380 /* SignedInStudentsTableViewController.swift */,
				A8ECF2E4222F60FB004F9380 /* AddLocationViewController.swift */,
				A8ECF2E2222F5A67004F9380 /* InstructorAddClassViewController.swift */,
				A8ECF2E0222F2417004F9380 /* InstructorClassesTableViewController.swift */,
			);
			path = InstructorViewControllers;
			sourceTree = "<group>";
		};
		A8ECF2E6222FB348004F9380 /* Models */ = {
			isa = PBXGroup;
			children = (
				A8ECF2E9223376ED004F9380 /* InstructorClassTableViewCell.swift */,
				A8ECF2E7222FB35D004F9380 /* LocationSearchTable.swift */,
			);
			path = Models;
			sourceTree = "<group>";
		};
		A8ECF2ED2234A49C004F9380 /* Models */ = {
			isa = PBXGroup;
			children = (
				A8ECF2F82234C133004F9380 /* StudentClassMapTableViewCell.swift */,
				A8ECF2EE2234A4F1004F9380 /* StudentClassTableViewCell.swift */,
			);
			path = Models;
			sourceTree = "<group>";
		};
		B17E58494000F1AC65A42732 /* Frameworks */ = {
			isa = PBXGroup;
			children = (
				E88E0D9B4038BC7513168947 /* Pods_SignMeIn.framework */,
			);
			name = Frameworks;
			sourceTree = "<group>";
		};
/* End PBXGroup section */

/* Begin PBXNativeTarget section */
		A86A856A2225F34700C4383A /* SignMeIn */ = {
			isa = PBXNativeTarget;
			buildConfigurationList = A86A85802225F34800C4383A /* Build configuration list for PBXNativeTarget "SignMeIn" */;
			buildPhases = (
				B9B80238124DC166BA12DB40 /* [CP] Check Pods Manifest.lock */,
				A86A85672225F34700C4383A /* Sources */,
				A86A85682225F34700C4383A /* Frameworks */,
				A86A85692225F34700C4383A /* Resources */,
				2694B9C8B2963025F9571AD2 /* [CP] Embed Pods Frameworks */,
			);
			buildRules = (
			);
			dependencies = (
			);
			name = SignMeIn;
			productName = SignMeIn;
			productReference = A86A856B2225F34700C4383A /* SignMeIn.app */;
			productType = "com.apple.product-type.application";
		};
/* End PBXNativeTarget section */

/* Begin PBXProject section */
		A86A85632225F34700C4383A /* Project object */ = {
			isa = PBXProject;
			attributes = {
				LastSwiftUpdateCheck = 1010;
				LastUpgradeCheck = 1010;
				ORGANIZATIONNAME = ChenMo;
				TargetAttributes = {
					A86A856A2225F34700C4383A = {
						CreatedOnToolsVersion = 10.1;
					};
				};
			};
			buildConfigurationList = A86A85662225F34700C4383A /* Build configuration list for PBXProject "SignMeIn" */;
			compatibilityVersion = "Xcode 9.3";
			developmentRegion = en;
			hasScannedForEncodings = 0;
			knownRegions = (
				en,
				Base,
			);
			mainGroup = A86A85622225F34700C4383A;
			productRefGroup = A86A856C2225F34700C4383A /* Products */;
			projectDirPath = "";
			projectRoot = "";
			targets = (
				A86A856A2225F34700C4383A /* SignMeIn */,
			);
		};
/* End PBXProject section */

/* Begin PBXResourcesBuildPhase section */
		A86A85692225F34700C4383A /* Resources */ = {
			isa = PBXResourcesBuildPhase;
			buildActionMask = 2147483647;
			files = (
				A86A857C2225F34800C4383A /* LaunchScreen.storyboard in Resources */,
				A86A85792225F34800C4383A /* Assets.xcassets in Resources */,
				A86A85742225F34700C4383A /* Main.storyboard in Resources */,
				A8CF84A422294BA700F3094F /* StudentHome.storyboard in Resources */,
				A8ECF2D8222EF759004F9380 /* InstructorHome.storyboard in Resources */,
			);
			runOnlyForDeploymentPostprocessing = 0;
		};
/* End PBXResourcesBuildPhase section */

/* Begin PBXShellScriptBuildPhase section */
		2694B9C8B2963025F9571AD2 /* [CP] Embed Pods Frameworks */ = {
			isa = PBXShellScriptBuildPhase;
			buildActionMask = 2147483647;
			files = (
			);
			inputFileListPaths = (
			);
			inputPaths = (
				"${PODS_ROOT}/Target Support Files/Pods-SignMeIn/Pods-SignMeIn-frameworks.sh",
				"${BUILT_PRODUCTS_DIR}/Alamofire/Alamofire.framework",
				"${BUILT_PRODUCTS_DIR}/Bolts/Bolts.framework",
				"${BUILT_PRODUCTS_DIR}/Parse/Parse.framework",
				"${BUILT_PRODUCTS_DIR}/SCLAlertView/SCLAlertView.framework",
			);
			name = "[CP] Embed Pods Frameworks";
			outputFileListPaths = (
			);
			outputPaths = (
				"${TARGET_BUILD_DIR}/${FRAMEWORKS_FOLDER_PATH}/Alamofire.framework",
				"${TARGET_BUILD_DIR}/${FRAMEWORKS_FOLDER_PATH}/Bolts.framework",
				"${TARGET_BUILD_DIR}/${FRAMEWORKS_FOLDER_PATH}/Parse.framework",
				"${TARGET_BUILD_DIR}/${FRAMEWORKS_FOLDER_PATH}/SCLAlertView.framework",
			);
			runOnlyForDeploymentPostprocessing = 0;
			shellPath = /bin/sh;
			shellScript = "\"${PODS_ROOT}/Target Support Files/Pods-SignMeIn/Pods-SignMeIn-frameworks.sh\"\n";
			showEnvVarsInLog = 0;
		};
		B9B80238124DC166BA12DB40 /* [CP] Check Pods Manifest.lock */ = {
			isa = PBXShellScriptBuildPhase;
			buildActionMask = 2147483647;
			files = (
			);
			inputFileListPaths = (
			);
			inputPaths = (
				"${PODS_PODFILE_DIR_PATH}/Podfile.lock",
				"${PODS_ROOT}/Manifest.lock",
			);
			name = "[CP] Check Pods Manifest.lock";
			outputFileListPaths = (
			);
			outputPaths = (
				"$(DERIVED_FILE_DIR)/Pods-SignMeIn-checkManifestLockResult.txt",
			);
			runOnlyForDeploymentPostprocessing = 0;
			shellPath = /bin/sh;
			shellScript = "diff \"${PODS_PODFILE_DIR_PATH}/Podfile.lock\" \"${PODS_ROOT}/Manifest.lock\" > /dev/null\nif [ $? != 0 ] ; then\n    # print error to STDERR\n    echo \"error: The sandbox is not in sync with the Podfile.lock. Run 'pod install' or update your CocoaPods installation.\" >&2\n    exit 1\nfi\n# This output is used by Xcode 'outputs' to avoid re-running this script phase.\necho \"SUCCESS\" > \"${SCRIPT_OUTPUT_FILE_0}\"\n";
			showEnvVarsInLog = 0;
		};
/* End PBXShellScriptBuildPhase section */

/* Begin PBXSourcesBuildPhase section */
		A86A85672225F34700C4383A /* Sources */ = {
			isa = PBXSourcesBuildPhase;
			buildActionMask = 2147483647;
			files = (
				444B1A3F223490F70003D81B /* YoshikoTextField.swift in Sources */,
				A8CF84A0222604FE00F3094F /* SignUpViewController.swift in Sources */,
				A8CF84992225F54C00F3094F /* LoginViewController.swift in Sources */,
				444B1A41223490F70003D81B /* MinoruTextField.swift in Sources */,
				A8CF849C2225F5CA00F3094F /* WelcomeViewController.swift in Sources */,
				A8ECF2F92234C133004F9380 /* StudentClassMapTableViewCell.swift in Sources */,
				A8ECF2E8222FB35E004F9380 /* LocationSearchTable.swift in Sources */,
				A8ECF2EF2234A4F1004F9380 /* StudentClassTableViewCell.swift in Sources */,
				A8CF84A222263EE700F3094F /* FinishingUpViewController.swift in Sources */,
				A8ECF2E3222F5A67004F9380 /* InstructorAddClassViewController.swift in Sources */,
				444B1A43223490F70003D81B /* TextFieldEffects.swift in Sources */,
				A8ECF2F72234BE4B004F9380 /* StudentClassDetailsViewController.swift in Sources */,
				444B1A46223490F70003D81B /* KaedeTextField.swift in Sources */,
				444B1A47223490F70003D81B /* AkiraTextField.swift in Sources */,
				444B1A44223490F70003D81B /* JiroTextField.swift in Sources */,
				444B1A45223490F70003D81B /* MadokaTextField.swift in Sources */,
				A8ECF2E5222F60FB004F9380 /* AddLocationViewController.swift in Sources */,
				A8ECF2EC22349A1F004F9380 /* SignedInStudentsTableViewController.swift in Sources */,
				A8ECF2EA223376ED004F9380 /* InstructorClassTableViewCell.swift in Sources */,
				444B1A40223490F70003D81B /* HoshiTextField.swift in Sources */,
				A86A856F2225F34700C4383A /* AppDelegate.swift in Sources */,
				A8ECF2E1222F2417004F9380 /* InstructorClassesTableViewController.swift in Sources */,
				A86A85772225F34700C4383A /* SignMeIn.xcdatamodeld in Sources */,
				A8ECF2F32234AF97004F9380 /* StudentClassesViewController.swift in Sources */,
				444B1A48223490F70003D81B /* IsaoTextField.swift in Sources */,
				444B1A42223490F70003D81B /* YokoTextField.swift in Sources */,
				A8CF849E222604E600F3094F /* ChooseStatusViewController.swift in Sources */,
			);
			runOnlyForDeploymentPostprocessing = 0;
		};
/* End PBXSourcesBuildPhase section */

/* Begin PBXVariantGroup section */
		A86A85722225F34700C4383A /* Main.storyboard */ = {
			isa = PBXVariantGroup;
			children = (
				A86A85732225F34700C4383A /* Base */,
			);
			name = Main.storyboard;
			sourceTree = "<group>";
		};
		A86A857A2225F34800C4383A /* LaunchScreen.storyboard */ = {
			isa = PBXVariantGroup;
			children = (
				A86A857B2225F34800C4383A /* Base */,
			);
			name = LaunchScreen.storyboard;
			sourceTree = "<group>";
		};
/* End PBXVariantGroup section */

/* Begin XCBuildConfiguration section */
		A86A857E2225F34800C4383A /* Debug */ = {
			isa = XCBuildConfiguration;
			buildSettings = {
				ALWAYS_SEARCH_USER_PATHS = NO;
				CLANG_ANALYZER_NONNULL = YES;
				CLANG_ANALYZER_NUMBER_OBJECT_CONVERSION = YES_AGGRESSIVE;
				CLANG_CXX_LANGUAGE_STANDARD = "gnu++14";
				CLANG_CXX_LIBRARY = "libc++";
				CLANG_ENABLE_MODULES = YES;
				CLANG_ENABLE_OBJC_ARC = YES;
				CLANG_ENABLE_OBJC_WEAK = YES;
				CLANG_WARN_BLOCK_CAPTURE_AUTORELEASING = YES;
				CLANG_WARN_BOOL_CONVERSION = YES;
				CLANG_WARN_COMMA = YES;
				CLANG_WARN_CONSTANT_CONVERSION = YES;
				CLANG_WARN_DEPRECATED_OBJC_IMPLEMENTATIONS = YES;
				CLANG_WARN_DIRECT_OBJC_ISA_USAGE = YES_ERROR;
				CLANG_WARN_DOCUMENTATION_COMMENTS = YES;
				CLANG_WARN_EMPTY_BODY = YES;
				CLANG_WARN_ENUM_CONVERSION = YES;
				CLANG_WARN_INFINITE_RECURSION = YES;
				CLANG_WARN_INT_CONVERSION = YES;
				CLANG_WARN_NON_LITERAL_NULL_CONVERSION = YES;
				CLANG_WARN_OBJC_IMPLICIT_RETAIN_SELF = YES;
				CLANG_WARN_OBJC_LITERAL_CONVERSION = YES;
				CLANG_WARN_OBJC_ROOT_CLASS = YES_ERROR;
				CLANG_WARN_RANGE_LOOP_ANALYSIS = YES;
				CLANG_WARN_STRICT_PROTOTYPES = YES;
				CLANG_WARN_SUSPICIOUS_MOVE = YES;
				CLANG_WARN_UNGUARDED_AVAILABILITY = YES_AGGRESSIVE;
				CLANG_WARN_UNREACHABLE_CODE = YES;
				CLANG_WARN__DUPLICATE_METHOD_MATCH = YES;
				CODE_SIGN_IDENTITY = "iPhone Developer";
				COPY_PHASE_STRIP = NO;
				DEBUG_INFORMATION_FORMAT = dwarf;
				ENABLE_STRICT_OBJC_MSGSEND = YES;
				ENABLE_TESTABILITY = YES;
				GCC_C_LANGUAGE_STANDARD = gnu11;
				GCC_DYNAMIC_NO_PIC = NO;
				GCC_NO_COMMON_BLOCKS = YES;
				GCC_OPTIMIZATION_LEVEL = 0;
				GCC_PREPROCESSOR_DEFINITIONS = (
					"DEBUG=1",
					"$(inherited)",
				);
				GCC_WARN_64_TO_32_BIT_CONVERSION = YES;
				GCC_WARN_ABOUT_RETURN_TYPE = YES_ERROR;
				GCC_WARN_UNDECLARED_SELECTOR = YES;
				GCC_WARN_UNINITIALIZED_AUTOS = YES_AGGRESSIVE;
				GCC_WARN_UNUSED_FUNCTION = YES;
				GCC_WARN_UNUSED_VARIABLE = YES;
				IPHONEOS_DEPLOYMENT_TARGET = 12.1;
				MTL_ENABLE_DEBUG_INFO = INCLUDE_SOURCE;
				MTL_FAST_MATH = YES;
				ONLY_ACTIVE_ARCH = YES;
				SDKROOT = iphoneos;
				SWIFT_ACTIVE_COMPILATION_CONDITIONS = DEBUG;
				SWIFT_OPTIMIZATION_LEVEL = "-Onone";
			};
			name = Debug;
		};
		A86A857F2225F34800C4383A /* Release */ = {
			isa = XCBuildConfiguration;
			buildSettings = {
				ALWAYS_SEARCH_USER_PATHS = NO;
				CLANG_ANALYZER_NONNULL = YES;
				CLANG_ANALYZER_NUMBER_OBJECT_CONVERSION = YES_AGGRESSIVE;
				CLANG_CXX_LANGUAGE_STANDARD = "gnu++14";
				CLANG_CXX_LIBRARY = "libc++";
				CLANG_ENABLE_MODULES = YES;
				CLANG_ENABLE_OBJC_ARC = YES;
				CLANG_ENABLE_OBJC_WEAK = YES;
				CLANG_WARN_BLOCK_CAPTURE_AUTORELEASING = YES;
				CLANG_WARN_BOOL_CONVERSION = YES;
				CLANG_WARN_COMMA = YES;
				CLANG_WARN_CONSTANT_CONVERSION = YES;
				CLANG_WARN_DEPRECATED_OBJC_IMPLEMENTATIONS = YES;
				CLANG_WARN_DIRECT_OBJC_ISA_USAGE = YES_ERROR;
				CLANG_WARN_DOCUMENTATION_COMMENTS = YES;
				CLANG_WARN_EMPTY_BODY = YES;
				CLANG_WARN_ENUM_CONVERSION = YES;
				CLANG_WARN_INFINITE_RECURSION = YES;
				CLANG_WARN_INT_CONVERSION = YES;
				CLANG_WARN_NON_LITERAL_NULL_CONVERSION = YES;
				CLANG_WARN_OBJC_IMPLICIT_RETAIN_SELF = YES;
				CLANG_WARN_OBJC_LITERAL_CONVERSION = YES;
				CLANG_WARN_OBJC_ROOT_CLASS = YES_ERROR;
				CLANG_WARN_RANGE_LOOP_ANALYSIS = YES;
				CLANG_WARN_STRICT_PROTOTYPES = YES;
				CLANG_WARN_SUSPICIOUS_MOVE = YES;
				CLANG_WARN_UNGUARDED_AVAILABILITY = YES_AGGRESSIVE;
				CLANG_WARN_UNREACHABLE_CODE = YES;
				CLANG_WARN__DUPLICATE_METHOD_MATCH = YES;
				CODE_SIGN_IDENTITY = "iPhone Developer";
				COPY_PHASE_STRIP = NO;
				DEBUG_INFORMATION_FORMAT = "dwarf-with-dsym";
				ENABLE_NS_ASSERTIONS = NO;
				ENABLE_STRICT_OBJC_MSGSEND = YES;
				GCC_C_LANGUAGE_STANDARD = gnu11;
				GCC_NO_COMMON_BLOCKS = YES;
				GCC_WARN_64_TO_32_BIT_CONVERSION = YES;
				GCC_WARN_ABOUT_RETURN_TYPE = YES_ERROR;
				GCC_WARN_UNDECLARED_SELECTOR = YES;
				GCC_WARN_UNINITIALIZED_AUTOS = YES_AGGRESSIVE;
				GCC_WARN_UNUSED_FUNCTION = YES;
				GCC_WARN_UNUSED_VARIABLE = YES;
				IPHONEOS_DEPLOYMENT_TARGET = 12.1;
				MTL_ENABLE_DEBUG_INFO = NO;
				MTL_FAST_MATH = YES;
				SDKROOT = iphoneos;
				SWIFT_COMPILATION_MODE = wholemodule;
				SWIFT_OPTIMIZATION_LEVEL = "-O";
				VALIDATE_PRODUCT = YES;
			};
			name = Release;
		};
		A86A85812225F34800C4383A /* Debug */ = {
			isa = XCBuildConfiguration;
			baseConfigurationReference = C97A8DC6692D92A73869E88C /* Pods-SignMeIn.debug.xcconfig */;
			buildSettings = {
				ASSETCATALOG_COMPILER_APPICON_NAME = AppIcon;
				CODE_SIGN_STYLE = Automatic;
				DEVELOPMENT_TEAM = B99X987539;
				INFOPLIST_FILE = SignMeIn/Info.plist;
				LD_RUNPATH_SEARCH_PATHS = (
					"$(inherited)",
					"@executable_path/Frameworks",
				);
				PRODUCT_BUNDLE_IDENTIFIER = edu.uci.cmo3.SignMeIn;
				PRODUCT_NAME = "$(TARGET_NAME)";
				SWIFT_VERSION = 4.2;
				TARGETED_DEVICE_FAMILY = 1;
			};
			name = Debug;
		};
		A86A85822225F34800C4383A /* Release */ = {
			isa = XCBuildConfiguration;
			baseConfigurationReference = 1E71EA60823D85D60B5F92E2 /* Pods-SignMeIn.release.xcconfig */;
			buildSettings = {
				ASSETCATALOG_COMPILER_APPICON_NAME = AppIcon;
				CODE_SIGN_STYLE = Automatic;
				DEVELOPMENT_TEAM = B99X987539;
				INFOPLIST_FILE = SignMeIn/Info.plist;
				LD_RUNPATH_SEARCH_PATHS = (
					"$(inherited)",
					"@executable_path/Frameworks",
				);
				PRODUCT_BUNDLE_IDENTIFIER = edu.uci.cmo3.SignMeIn;
				PRODUCT_NAME = "$(TARGET_NAME)";
				SWIFT_VERSION = 4.2;
				TARGETED_DEVICE_FAMILY = 1;
			};
			name = Release;
		};
/* End XCBuildConfiguration section */

/* Begin XCConfigurationList section */
		A86A85662225F34700C4383A /* Build configuration list for PBXProject "SignMeIn" */ = {
			isa = XCConfigurationList;
			buildConfigurations = (
				A86A857E2225F34800C4383A /* Debug */,
				A86A857F2225F34800C4383A /* Release */,
			);
			defaultConfigurationIsVisible = 0;
			defaultConfigurationName = Release;
		};
		A86A85802225F34800C4383A /* Build configuration list for PBXNativeTarget "SignMeIn" */ = {
			isa = XCConfigurationList;
			buildConfigurations = (
				A86A85812225F34800C4383A /* Debug */,
				A86A85822225F34800C4383A /* Release */,
			);
			defaultConfigurationIsVisible = 0;
			defaultConfigurationName = Release;
		};
/* End XCConfigurationList section */

/* Begin XCVersionGroup section */
		A86A85752225F34700C4383A /* SignMeIn.xcdatamodeld */ = {
			isa = XCVersionGroup;
			children = (
				A86A85762225F34700C4383A /* SignMeIn.xcdatamodel */,
			);
			currentVersion = A86A85762225F34700C4383A /* SignMeIn.xcdatamodel */;
			path = SignMeIn.xcdatamodeld;
			sourceTree = "<group>";
			versionGroupType = wrapper.xcdatamodel;
		};
/* End XCVersionGroup section */
	};
	rootObject = A86A85632225F34700C4383A /* Project object */;
}
